
Microsoft Visual Studio Solution File, Format Version 12.00
# Visual Studio Version 17
VisualStudioVersion = 17.0.31903.59
MinimumVisualStudioVersion = 10.0.40219.1
Project("{2150E333-8FDC-42A3-9474-1A3956D46DE8}") = "src", "src", "{827E0CD3-B72D-47B6-A68D-7590B98EB39B}"
EndProject
Project("{FAE04EC0-301F-11D3-BF4B-00C04F79EFBC}") = "SmartHadithTree.Domain", "src\SmartHadithTree.Domain\SmartHadithTree.Domain.csproj", "{CE2D19D4-69AA-4BDF-8C5D-019DD854AD7C}"
EndProject
Project("{FAE04EC0-301F-11D3-BF4B-00C04F79EFBC}") = "SmartHadithTree.Infrastructure", "src\SmartHadithTree.Infrastructure\SmartHadithTree.Infrastructure.csproj", "{19907975-827C-4E5B-B5D0-2C9DF0A06DB0}"
EndProject
Project("{FAE04EC0-301F-11D3-BF4B-00C04F79EFBC}") = "SmartHadithTree.Application", "src\SmartHadithTree.Application\SmartHadithTree.Application.csproj", "{49A9944D-8D55-4058-8D74-FA51671613AD}"
EndProject
Project("{FAE04EC0-301F-11D3-BF4B-00C04F79EFBC}") = "SmartHadithTree.Api", "src\SmartHadithTree.Api\SmartHadithTree.Api.csproj", "{2E8FE77B-FB1C-4155-80F2-9B0D9D96A8BE}"
EndProject
Project("{FAE04EC0-301F-11D3-BF4B-00C04F79EFBC}") = "SmartHadithTree.Etl", "src\SmartHadithTree.Etl\SmartHadithTree.Etl.csproj", "{54F62E9E-7420-4497-A545-4F481B13F8DD}"
EndProject
Project("{FAE04EC0-301F-11D3-BF4B-00C04F79EFBC}") = "SmartHadithTree.Tests", "src\SmartHadithTree.Tests\SmartHadithTree.Tests.csproj", "{89C08AB4-B37C-437A-81B2-E11B8436B472}"
EndProject
Project("{2150E333-8FDC-42A3-9474-1A3956D46DE8}") = "tests", "tests", "{0AB3BF05-4346-4AA6-1389-037BE0695223}"
EndProject
Project("{FAE04EC0-301F-11D3-BF4B-00C04F79EFBC}") = "SmartHadithTree.Api.Tests", "tests\SmartHadithTree.Api.Tests\SmartHadithTree.Api.Tests.csproj", "{C21C2655-7A95-4F30-87F8-69318301AE8F}"
EndProject
Project("{FAE04EC0-301F-11D3-BF4B-00C04F79EFBC}") = "SmartHadithTree.Application.Tests", "tests\SmartHadithTree.Application.Tests\SmartHadithTree.Application.Tests.csproj", "{208D88C2-20F6-4F9B-9D27-CC838755E448}"
EndProject
Project("{FAE04EC0-301F-11D3-BF4B-00C04F79EFBC}") = "SmartHadithTree.Domain.Tests", "tests\SmartHadithTree.Domain.Tests\SmartHadithTree.Domain.Tests.csproj", "{18FFF25C-44E8-443A-B586-B8C71C869F30}"
EndProject
Project("{FAE04EC0-301F-11D3-BF4B-00C04F79EFBC}") = "SmartHadithTree.Infrastructure.Tests", "tests\SmartHadithTree.Infrastructure.Tests\SmartHadithTree.Infrastructure.Tests.csproj", "{11976506-FD82-41A6-AA2C-58E8917350B7}"
EndProject
Global
	GlobalSection(SolutionConfigurationPlatforms) = preSolution
		Debug|Any CPU = Debug|Any CPU
		Debug|x64 = Debug|x64
		Debug|x86 = Debug|x86
		Release|Any CPU = Release|Any CPU
		Release|x64 = Release|x64
		Release|x86 = Release|x86
	EndGlobalSection
	GlobalSection(ProjectConfigurationPlatforms) = postSolution
		{CE2D19D4-69AA-4BDF-8C5D-019DD854AD7C}.Debug|Any CPU.ActiveCfg = Debug|Any CPU
		{CE2D19D4-69AA-4BDF-8C5D-019DD854AD7C}.Debug|Any CPU.Build.0 = Debug|Any CPU
		{CE2D19D4-69AA-4BDF-8C5D-019DD854AD7C}.Debug|x64.ActiveCfg = Debug|Any CPU
		{CE2D19D4-69AA-4BDF-8C5D-019DD854AD7C}.Debug|x64.Build.0 = Debug|Any CPU
		{CE2D19D4-69AA-4BDF-8C5D-019DD854AD7C}.Debug|x86.ActiveCfg = Debug|Any CPU
		{CE2D19D4-69AA-4BDF-8C5D-019DD854AD7C}.Debug|x86.Build.0 = Debug|Any CPU
		{CE2D19D4-69AA-4BDF-8C5D-019DD854AD7C}.Release|Any CPU.ActiveCfg = Release|Any CPU
		{CE2D19D4-69AA-4BDF-8C5D-019DD854AD7C}.Release|Any CPU.Build.0 = Release|Any CPU
		{CE2D19D4-69AA-4BDF-8C5D-019DD854AD7C}.Release|x64.ActiveCfg = Release|Any CPU
		{CE2D19D4-69AA-4BDF-8C5D-019DD854AD7C}.Release|x64.Build.0 = Release|Any CPU
		{CE2D19D4-69AA-4BDF-8C5D-019DD854AD7C}.Release|x86.ActiveCfg = Release|Any CPU
		{CE2D19D4-69AA-4BDF-8C5D-019DD854AD7C}.Release|x86.Build.0 = Release|Any CPU
		{19907975-827C-4E5B-B5D0-2C9DF0A06DB0}.Debug|Any CPU.ActiveCfg = Debug|Any CPU
		{19907975-827C-4E5B-B5D0-2C9DF0A06DB0}.Debug|Any CPU.Build.0 = Debug|Any CPU
		{19907975-827C-4E5B-B5D0-2C9DF0A06DB0}.Debug|x64.ActiveCfg = Debug|Any CPU
		{19907975-827C-4E5B-B5D0-2C9DF0A06DB0}.Debug|x64.Build.0 = Debug|Any CPU
		{19907975-827C-4E5B-B5D0-2C9DF0A06DB0}.Debug|x86.ActiveCfg = Debug|Any CPU
		{19907975-827C-4E5B-B5D0-2C9DF0A06DB0}.Debug|x86.Build.0 = Debug|Any CPU
		{19907975-827C-4E5B-B5D0-2C9DF0A06DB0}.Release|Any CPU.ActiveCfg = Release|Any CPU
		{19907975-827C-4E5B-B5D0-2C9DF0A06DB0}.Release|Any CPU.Build.0 = Release|Any CPU
		{19907975-827C-4E5B-B5D0-2C9DF0A06DB0}.Release|x64.ActiveCfg = Release|Any CPU
		{19907975-827C-4E5B-B5D0-2C9DF0A06DB0}.Release|x64.Build.0 = Release|Any CPU
		{19907975-827C-4E5B-B5D0-2C9DF0A06DB0}.Release|x86.ActiveCfg = Release|Any CPU
		{19907975-827C-4E5B-B5D0-2C9DF0A06DB0}.Release|x86.Build.0 = Release|Any CPU
		{49A9944D-8D55-4058-8D74-FA51671613AD}.Debug|Any CPU.ActiveCfg = Debug|Any CPU
		{49A9944D-8D55-4058-8D74-FA51671613AD}.Debug|Any CPU.Build.0 = Debug|Any CPU
		{49A9944D-8D55-4058-8D74-FA51671613AD}.Debug|x64.ActiveCfg = Debug|Any CPU
		{49A9944D-8D55-4058-8D74-FA51671613AD}.Debug|x64.Build.0 = Debug|Any CPU
		{49A9944D-8D55-4058-8D74-FA51671613AD}.Debug|x86.ActiveCfg = Debug|Any CPU
		{49A9944D-8D55-4058-8D74-FA51671613AD}.Debug|x86.Build.0 = Debug|Any CPU
		{49A9944D-8D55-4058-8D74-FA51671613AD}.Release|Any CPU.ActiveCfg = Release|Any CPU
		{49A9944D-8D55-4058-8D74-FA51671613AD}.Release|Any CPU.Build.0 = Release|Any CPU
		{49A9944D-8D55-4058-8D74-FA51671613AD}.Release|x64.ActiveCfg = Release|Any CPU
		{49A9944D-8D55-4058-8D74-FA51671613AD}.Release|x64.Build.0 = Release|Any CPU
		{49A9944D-8D55-4058-8D74-FA51671613AD}.Release|x86.ActiveCfg = Release|Any CPU
		{49A9944D-8D55-4058-8D74-FA51671613AD}.Release|x86.Build.0 = Release|Any CPU
		{2E8FE77B-FB1C-4155-80F2-9B0D9D96A8BE}.Debug|Any CPU.ActiveCfg = Debug|Any CPU
		{2E8FE77B-FB1C-4155-80F2-9B0D9D96A8BE}.Debug|Any CPU.Build.0 = Debug|Any CPU
		{2E8FE77B-FB1C-4155-80F2-9B0D9D96A8BE}.Debug|x64.ActiveCfg = Debug|Any CPU
		{2E8FE77B-FB1C-4155-80F2-9B0D9D96A8BE}.Debug|x64.Build.0 = Debug|Any CPU
		{2E8FE77B-FB1C-4155-80F2-9B0D9D96A8BE}.Debug|x86.ActiveCfg = Debug|Any CPU
		{2E8FE77B-FB1C-4155-80F2-9B0D9D96A8BE}.Debug|x86.Build.0 = Debug|Any CPU
		{2E8FE77B-FB1C-4155-80F2-9B0D9D96A8BE}.Release|Any CPU.ActiveCfg = Release|Any CPU
		{2E8FE77B-FB1C-4155-80F2-9B0D9D96A8BE}.Release|Any CPU.Build.0 = Release|Any CPU
		{2E8FE77B-FB1C-4155-80F2-9B0D9D96A8BE}.Release|x64.ActiveCfg = Release|Any CPU
		{2E8FE77B-FB1C-4155-80F2-9B0D9D96A8BE}.Release|x64.Build.0 = Release|Any CPU
		{2E8FE77B-FB1C-4155-80F2-9B0D9D96A8BE}.Release|x86.ActiveCfg = Release|Any CPU
		{2E8FE77B-FB1C-4155-80F2-9B0D9D96A8BE}.Release|x86.Build.0 = Release|Any CPU
		{54F62E9E-7420-4497-A545-4F481B13F8DD}.Debug|Any CPU.ActiveCfg = Debug|Any CPU
		{54F62E9E-7420-4497-A545-4F481B13F8DD}.Debug|Any CPU.Build.0 = Debug|Any CPU
		{54F62E9E-7420-4497-A545-4F481B13F8DD}.Debug|x64.ActiveCfg = Debug|Any CPU
		{54F62E9E-7420-4497-A545-4F481B13F8DD}.Debug|x64.Build.0 = Debug|Any CPU
		{54F62E9E-7420-4497-A545-4F481B13F8DD}.Debug|x86.ActiveCfg = Debug|Any CPU
		{54F62E9E-7420-4497-A545-4F481B13F8DD}.Debug|x86.Build.0 = Debug|Any CPU
		{54F62E9E-7420-4497-A545-4F481B13F8DD}.Release|Any CPU.ActiveCfg = Release|Any CPU
		{54F62E9E-7420-4497-A545-4F481B13F8DD}.Release|Any CPU.Build.0 = Release|Any CPU
		{54F62E9E-7420-4497-A545-4F481B13F8DD}.Release|x64.ActiveCfg = Release|Any CPU
		{54F62E9E-7420-4497-A545-4F481B13F8DD}.Release|x64.Build.0 = Release|Any CPU
		{54F62E9E-7420-4497-A545-4F481B13F8DD}.Release|x86.ActiveCfg = Release|Any CPU
		{54F62E9E-7420-4497-A545-4F481B13F8DD}.Release|x86.Build.0 = Release|Any CPU
		{89C08AB4-B37C-437A-81B2-E11B8436B472}.Debug|Any CPU.ActiveCfg = Debug|Any CPU
		{89C08AB4-B37C-437A-81B2-E11B8436B472}.Debug|Any CPU.Build.0 = Debug|Any CPU
		{89C08AB4-B37C-437A-81B2-E11B8436B472}.Debug|x64.ActiveCfg = Debug|Any CPU
		{89C08AB4-B37C-437A-81B2-E11B8436B472}.Debug|x64.Build.0 = Debug|Any CPU
		{89C08AB4-B37C-437A-81B2-E11B8436B472}.Debug|x86.ActiveCfg = Debug|Any CPU
		{89C08AB4-B37C-437A-81B2-E11B8436B472}.Debug|x86.Build.0 = Debug|Any CPU
		{89C08AB4-B37C-437A-81B2-E11B8436B472}.Release|Any CPU.ActiveCfg = Release|Any CPU
		{89C08AB4-B37C-437A-81B2-E11B8436B472}.Release|Any CPU.Build.0 = Release|Any CPU
		{89C08AB4-B37C-437A-81B2-E11B8436B472}.Release|x64.ActiveCfg = Release|Any CPU
		{89C08AB4-B37C-437A-81B2-E11B8436B472}.Release|x64.Build.0 = Release|Any CPU
		{89C08AB4-B37C-437A-81B2-E11B8436B472}.Release|x86.ActiveCfg = Release|Any CPU
		{89C08AB4-B37C-437A-81B2-E11B8436B472}.Release|x86.Build.0 = Release|Any CPU
		{C21C2655-7A95-4F30-87F8-69318301AE8F}.Debug|Any CPU.ActiveCfg = Debug|Any CPU
		{C21C2655-7A95-4F30-87F8-69318301AE8F}.Debug|Any CPU.Build.0 = Debug|Any CPU
		{C21C2655-7A95-4F30-87F8-69318301AE8F}.Debug|x64.ActiveCfg = Debug|Any CPU
		{C21C2655-7A95-4F30-87F8-69318301AE8F}.Debug|x64.Build.0 = Debug|Any CPU
		{C21C2655-7A95-4F30-87F8-69318301AE8F}.Debug|x86.ActiveCfg = Debug|Any CPU
		{C21C2655-7A95-4F30-87F8-69318301AE8F}.Debug|x86.Build.0 = Debug|Any CPU
		{C21C2655-7A95-4F30-87F8-69318301AE8F}.Release|Any CPU.ActiveCfg = Release|Any CPU
		{C21C2655-7A95-4F30-87F8-69318301AE8F}.Release|Any CPU.Build.0 = Release|Any CPU
		{C21C2655-7A95-4F30-87F8-69318301AE8F}.Release|x64.ActiveCfg = Release|Any CPU
		{C21C2655-7A95-4F30-87F8-69318301AE8F}.Release|x64.Build.0 = Release|Any CPU
		{C21C2655-7A95-4F30-87F8-69318301AE8F}.Release|x86.ActiveCfg = Release|Any CPU
		{C21C2655-7A95-4F30-87F8-69318301AE8F}.Release|x86.Build.0 = Release|Any CPU
		{208D88C2-20F6-4F9B-9D27-CC838755E448}.Debug|Any CPU.ActiveCfg = Debug|Any CPU
		{208D88C2-20F6-4F9B-9D27-CC838755E448}.Debug|Any CPU.Build.0 = Debug|Any CPU
		{208D88C2-20F6-4F9B-9D27-CC838755E448}.Debug|x64.ActiveCfg = Debug|Any CPU
		{208D88C2-20F6-4F9B-9D27-CC838755E448}.Debug|x64.Build.0 = Debug|Any CPU
		{208D88C2-20F6-4F9B-9D27-CC838755E448}.Debug|x86.ActiveCfg = Debug|Any CPU
		{208D88C2-20F6-4F9B-9D27-CC838755E448}.Debug|x86.Build.0 = Debug|Any CPU
		{208D88C2-20F6-4F9B-9D27-CC838755E448}.Release|Any CPU.ActiveCfg = Release|Any CPU
		{208D88C2-20F6-4F9B-9D27-CC838755E448}.Release|Any CPU.Build.0 = Release|Any CPU
		{208D88C2-20F6-4F9B-9D27-CC838755E448}.Release|x64.ActiveCfg = Release|Any CPU
		{208D88C2-20F6-4F9B-9D27-CC838755E448}.Release|x64.Build.0 = Release|Any CPU
		{208D88C2-20F6-4F9B-9D27-CC838755E448}.Release|x86.ActiveCfg = Release|Any CPU
		{208D88C2-20F6-4F9B-9D27-CC838755E448}.Release|x86.Build.0 = Release|Any CPU
		{18FFF25C-44E8-443A-B586-B8C71C869F30}.Debug|Any CPU.ActiveCfg = Debug|Any CPU
		{18FFF25C-44E8-443A-B586-B8C71C869F30}.Debug|Any CPU.Build.0 = Debug|Any CPU
		{18FFF25C-44E8-443A-B586-B8C71C869F30}.Debug|x64.ActiveCfg = Debug|Any CPU
		{18FFF25C-44E8-443A-B586-B8C71C869F30}.Debug|x64.Build.0 = Debug|Any CPU
		{18FFF25C-44E8-443A-B586-B8C71C869F30}.Debug|x86.ActiveCfg = Debug|Any CPU
		{18FFF25C-44E8-443A-B586-B8C71C869F30}.Debug|x86.Build.0 = Debug|Any CPU
		{18FFF25C-44E8-443A-B586-B8C71C869F30}.Release|Any CPU.ActiveCfg = Release|Any CPU
		{18FFF25C-44E8-443A-B586-B8C71C869F30}.Release|Any CPU.Build.0 = Release|Any CPU
		{18FFF25C-44E8-443A-B586-B8C71C869F30}.Release|x64.ActiveCfg = Release|Any CPU
		{18FFF25C-44E8-443A-B586-B8C71C869F30}.Release|x64.Build.0 = Release|Any CPU
		{18FFF25C-44E8-443A-B586-B8C71C869F30}.Release|x86.ActiveCfg = Release|Any CPU
		{18FFF25C-44E8-443A-B586-B8C71C869F30}.Release|x86.Build.0 = Release|Any CPU
		{11976506-FD82-41A6-AA2C-58E8917350B7}.Debug|Any CPU.ActiveCfg = Debug|Any CPU
		{11976506-FD82-41A6-AA2C-58E8917350B7}.Debug|Any CPU.Build.0 = Debug|Any CPU
		{11976506-FD82-41A6-AA2C-58E8917350B7}.Debug|x64.ActiveCfg = Debug|Any CPU
		{11976506-FD82-41A6-AA2C-58E8917350B7}.Debug|x64.Build.0 = Debug|Any CPU
		{11976506-FD82-41A6-AA2C-58E8917350B7}.Debug|x86.ActiveCfg = Debug|Any CPU
		{11976506-FD82-41A6-AA2C-58E8917350B7}.Debug|x86.Build.0 = Debug|Any CPU
		{11976506-FD82-41A6-AA2C-58E8917350B7}.Release|Any CPU.ActiveCfg = Release|Any CPU
		{11976506-FD82-41A6-AA2C-58E8917350B7}.Release|Any CPU.Build.0 = Release|Any CPU
		{11976506-FD82-41A6-AA2C-58E8917350B7}.Release|x64.ActiveCfg = Release|Any CPU
		{11976506-FD82-41A6-AA2C-58E8917350B7}.Release|x64.Build.0 = Release|Any CPU
		{11976506-FD82-41A6-AA2C-58E8917350B7}.Release|x86.ActiveCfg = Release|Any CPU
		{11976506-FD82-41A6-AA2C-58E8917350B7}.Release|x86.Build.0 = Release|Any CPU
	EndGlobalSection
	GlobalSection(SolutionProperties) = preSolution
		HideSolutionNode = FALSE
	EndGlobalSection
	GlobalSection(NestedProjects) = preSolution
		{CE2D19D4-69AA-4BDF-8C5D-019DD854AD7C} = {827E0CD3-B72D-47B6-A68D-7590B98EB39B}
		{19907975-827C-4E5B-B5D0-2C9DF0A06DB0} = {827E0CD3-B72D-47B6-A68D-7590B98EB39B}
		{49A9944D-8D55-4058-8D74-FA51671613AD} = {827E0CD3-B72D-47B6-A68D-7590B98EB39B}
		{2E8FE77B-FB1C-4155-80F2-9B0D9D96A8BE} = {827E0CD3-B72D-47B6-A68D-7590B98EB39B}
		{54F62E9E-7420-4497-A545-4F481B13F8DD} = {827E0CD3-B72D-47B6-A68D-7590B98EB39B}
		{89C08AB4-B37C-437A-81B2-E11B8436B472} = {827E0CD3-B72D-47B6-A68D-7590B98EB39B}
		{C21C2655-7A95-4F30-87F8-69318301AE8F} = {0AB3BF05-4346-4AA6-1389-037BE0695223}
		{208D88C2-20F6-4F9B-9D27-CC838755E448} = {0AB3BF05-4346-4AA6-1389-037BE0695223}
		{18FFF25C-44E8-443A-B586-B8C71C869F30} = {0AB3BF05-4346-4AA6-1389-037BE0695223}
		{11976506-FD82-41A6-AA2C-58E8917350B7} = {0AB3BF05-4346-4AA6-1389-037BE0695223}
	EndGlobalSection
EndGlobal
